
Microsoft Visual Studio Solution File, Format Version 12.00
# Visual Studio Version 16
VisualStudioVersion = 16.0.29418.71
MinimumVisualStudioVersion = 10.0.40219.1
Project("{9A19103F-16F7-4668-BE54-9A1E7A4F7556}") = "ExchangeTrade", "ExchangeTrade\ExchangeTrade.csproj", "{70760EDB-764F-40EB-84FA-79F94055B49C}"
EndProject
Project("{FAE04EC0-301F-11D3-BF4B-00C04F79EFBC}") = "ExchangeTrade.Test", "ExchangeTrade.Test\ExchangeTrade.Test.csproj", "{A6308C01-D4AD-4513-BA71-D419E411845E}"
EndProject
Global
	GlobalSection(SolutionConfigurationPlatforms) = preSolution
		Debug|Any CPU = Debug|Any CPU
		Release|Any CPU = Release|Any CPU
	EndGlobalSection
	GlobalSection(ProjectConfigurationPlatforms) = postSolution
		{70760EDB-764F-40EB-84FA-79F94055B49C}.Debug|Any CPU.ActiveCfg = Debug|Any CPU
		{70760EDB-764F-40EB-84FA-79F94055B49C}.Debug|Any CPU.Build.0 = Debug|Any CPU
		{70760EDB-764F-40EB-84FA-79F94055B49C}.Release|Any CPU.ActiveCfg = Release|Any CPU
		{70760EDB-764F-40EB-84FA-79F94055B49C}.Release|Any CPU.Build.0 = Release|Any CPU
		{A6308C01-D4AD-4513-BA71-D419E411845E}.Debug|Any CPU.ActiveCfg = Debug|Any CPU
		{A6308C01-D4AD-4513-BA71-D419E411845E}.Debug|Any CPU.Build.0 = Debug|Any CPU
		{A6308C01-D4AD-4513-BA71-D419E411845E}.Release|Any CPU.ActiveCfg = Release|Any CPU
		{A6308C01-D4AD-4513-BA71-D419E411845E}.Release|Any CPU.Build.0 = Release|Any CPU
	EndGlobalSection
	GlobalSection(SolutionProperties) = preSolution
		HideSolutionNode = FALSE
	EndGlobalSection
	GlobalSection(ExtensibilityGlobals) = postSolution
		SolutionGuid = {232CAE9C-1F46-42F8-ACED-24BD64C89F1F}
	EndGlobalSection
EndGlobal
